// !$*UTF8*$!
{
	archiveVersion = 1;
	classes = {
	};
	objectVersion = 51;
	objects = {

/* Begin PBXBuildFile section */
		52D972224D250502180F80AA /* Pods_WGdotorgUITests.framework in Frameworks */ = {isa = PBXBuildFile; fileRef = 01913D9DA237C218A58852F7 /* Pods_WGdotorgUITests.framework */; };
		EE4EE35F23115D080075D5DE /* CreateJoinGroupViewController.swift in Sources */ = {isa = PBXBuildFile; fileRef = EE4EE35E23115D080075D5DE /* CreateJoinGroupViewController.swift */; };
		EE4EE36323115F1B0075D5DE /* CreateGroupViewController.swift in Sources */ = {isa = PBXBuildFile; fileRef = EE4EE36223115F1B0075D5DE /* CreateGroupViewController.swift */; };
		EE60E6DC230F303400453572 /* WelcomeViewController.swift in Sources */ = {isa = PBXBuildFile; fileRef = EE60E6DB230F303400453572 /* WelcomeViewController.swift */; };
		EE60E6DE230F546E00453572 /* LoginResult.swift in Sources */ = {isa = PBXBuildFile; fileRef = EE60E6DD230F546E00453572 /* LoginResult.swift */; };
		EE897E5C231463BA0048C895 /* ShoppingListViewController.swift in Sources */ = {isa = PBXBuildFile; fileRef = EE897E5B231463BA0048C895 /* ShoppingListViewController.swift */; };
		EE897E60231464AD0048C895 /* ShoppingListCell.swift in Sources */ = {isa = PBXBuildFile; fileRef = EE897E5F231464AD0048C895 /* ShoppingListCell.swift */; };
		EEB39262230DB50300ABE09C /* CreateUserViewController.swift in Sources */ = {isa = PBXBuildFile; fileRef = EEB39261230DB50300ABE09C /* CreateUserViewController.swift */; };
		EEBC8431230D42A1007977E5 /* AppDelegate.swift in Sources */ = {isa = PBXBuildFile; fileRef = EEBC8430230D42A1007977E5 /* AppDelegate.swift */; };
		EEBC8433230D42A1007977E5 /* FirstViewController.swift in Sources */ = {isa = PBXBuildFile; fileRef = EEBC8432230D42A1007977E5 /* FirstViewController.swift */; };
		EEBC8438230D42A1007977E5 /* Main.storyboard in Resources */ = {isa = PBXBuildFile; fileRef = EEBC8436230D42A1007977E5 /* Main.storyboard */; };
		EEBC843A230D42A2007977E5 /* Assets.xcassets in Resources */ = {isa = PBXBuildFile; fileRef = EEBC8439230D42A2007977E5 /* Assets.xcassets */; };
		EEBC843D230D42A2007977E5 /* LaunchScreen.storyboard in Resources */ = {isa = PBXBuildFile; fileRef = EEBC843B230D42A2007977E5 /* LaunchScreen.storyboard */; };
		EEBC8448230D42A2007977E5 /* WGdotorgTests.swift in Sources */ = {isa = PBXBuildFile; fileRef = EEBC8447230D42A2007977E5 /* WGdotorgTests.swift */; };
		EEBC8453230D42A2007977E5 /* WGdotorgUITests.swift in Sources */ = {isa = PBXBuildFile; fileRef = EEBC8452230D42A2007977E5 /* WGdotorgUITests.swift */; };
		EEBC8461230D43B0007977E5 /* GoogleService-Info.plist in Resources */ = {isa = PBXBuildFile; fileRef = EEBC8460230D43B0007977E5 /* GoogleService-Info.plist */; };
		EEC00C1E230D46AF00807674 /* LoginViewController.swift in Sources */ = {isa = PBXBuildFile; fileRef = EEC00C1D230D46AF00807674 /* LoginViewController.swift */; };
		F2EB4BCAD9E1A3DFD87CA87D /* Pods_WGdotorgTests.framework in Frameworks */ = {isa = PBXBuildFile; fileRef = 3A29CB839C49F31B4E34020E /* Pods_WGdotorgTests.framework */; };
		FED7DAD3921E350DE93009DF /* Pods_WGdotorg.framework in Frameworks */ = {isa = PBXBuildFile; fileRef = E2954A8732C9432BD668C82D /* Pods_WGdotorg.framework */; };
/* End PBXBuildFile section */

/* Begin PBXContainerItemProxy section */
		EEBC8444230D42A2007977E5 /* PBXContainerItemProxy */ = {
			isa = PBXContainerItemProxy;
			containerPortal = EEBC8425230D42A0007977E5 /* Project object */;
			proxyType = 1;
			remoteGlobalIDString = EEBC842C230D42A0007977E5;
			remoteInfo = WGdotorg;
		};
		EEBC844F230D42A2007977E5 /* PBXContainerItemProxy */ = {
			isa = PBXContainerItemProxy;
			containerPortal = EEBC8425230D42A0007977E5 /* Project object */;
			proxyType = 1;
			remoteGlobalIDString = EEBC842C230D42A0007977E5;
			remoteInfo = WGdotorg;
		};
/* End PBXContainerItemProxy section */

/* Begin PBXFileReference section */
		01913D9DA237C218A58852F7 /* Pods_WGdotorgUITests.framework */ = {isa = PBXFileReference; explicitFileType = wrapper.framework; includeInIndex = 0; path = Pods_WGdotorgUITests.framework; sourceTree = BUILT_PRODUCTS_DIR; };
		0E9E44A6D85B9E0A8D282217 /* Pods-WGdotorgTests.release.xcconfig */ = {isa = PBXFileReference; includeInIndex = 1; lastKnownFileType = text.xcconfig; name = "Pods-WGdotorgTests.release.xcconfig"; path = "Target Support Files/Pods-WGdotorgTests/Pods-WGdotorgTests.release.xcconfig"; sourceTree = "<group>"; };
		2DFF0EC51242409E3C589B77 /* Pods-WGdotorgUITests.debug.xcconfig */ = {isa = PBXFileReference; includeInIndex = 1; lastKnownFileType = text.xcconfig; name = "Pods-WGdotorgUITests.debug.xcconfig"; path = "Target Support Files/Pods-WGdotorgUITests/Pods-WGdotorgUITests.debug.xcconfig"; sourceTree = "<group>"; };
		3A29CB839C49F31B4E34020E /* Pods_WGdotorgTests.framework */ = {isa = PBXFileReference; explicitFileType = wrapper.framework; includeInIndex = 0; path = Pods_WGdotorgTests.framework; sourceTree = BUILT_PRODUCTS_DIR; };
		4143D553C11FE33C6238F25E /* Pods-WGdotorg.debug.xcconfig */ = {isa = PBXFileReference; includeInIndex = 1; lastKnownFileType = text.xcconfig; name = "Pods-WGdotorg.debug.xcconfig"; path = "Target Support Files/Pods-WGdotorg/Pods-WGdotorg.debug.xcconfig"; sourceTree = "<group>"; };
		644FE5CF76FE7DEE2B143802 /* Pods-WGdotorgUITests.release.xcconfig */ = {isa = PBXFileReference; includeInIndex = 1; lastKnownFileType = text.xcconfig; name = "Pods-WGdotorgUITests.release.xcconfig"; path = "Target Support Files/Pods-WGdotorgUITests/Pods-WGdotorgUITests.release.xcconfig"; sourceTree = "<group>"; };
		69B8C9DBFAC93F1A81426858 /* Pods-WGdotorgTests.debug.xcconfig */ = {isa = PBXFileReference; includeInIndex = 1; lastKnownFileType = text.xcconfig; name = "Pods-WGdotorgTests.debug.xcconfig"; path = "Target Support Files/Pods-WGdotorgTests/Pods-WGdotorgTests.debug.xcconfig"; sourceTree = "<group>"; };
		E2954A8732C9432BD668C82D /* Pods_WGdotorg.framework */ = {isa = PBXFileReference; explicitFileType = wrapper.framework; includeInIndex = 0; path = Pods_WGdotorg.framework; sourceTree = BUILT_PRODUCTS_DIR; };
		E40FE249C82C66A2EB013AD9 /* Pods-WGdotorg.release.xcconfig */ = {isa = PBXFileReference; includeInIndex = 1; lastKnownFileType = text.xcconfig; name = "Pods-WGdotorg.release.xcconfig"; path = "Target Support Files/Pods-WGdotorg/Pods-WGdotorg.release.xcconfig"; sourceTree = "<group>"; };
		EE4EE35E23115D080075D5DE /* CreateJoinGroupViewController.swift */ = {isa = PBXFileReference; lastKnownFileType = sourcecode.swift; path = CreateJoinGroupViewController.swift; sourceTree = "<group>"; };
		EE4EE36223115F1B0075D5DE /* CreateGroupViewController.swift */ = {isa = PBXFileReference; lastKnownFileType = sourcecode.swift; path = CreateGroupViewController.swift; sourceTree = "<group>"; };
		EE60E6DB230F303400453572 /* WelcomeViewController.swift */ = {isa = PBXFileReference; lastKnownFileType = sourcecode.swift; path = WelcomeViewController.swift; sourceTree = "<group>"; };
		EE60E6DD230F546E00453572 /* LoginResult.swift */ = {isa = PBXFileReference; lastKnownFileType = sourcecode.swift; path = LoginResult.swift; sourceTree = "<group>"; };
		EE897E5B231463BA0048C895 /* ShoppingListViewController.swift */ = {isa = PBXFileReference; lastKnownFileType = sourcecode.swift; path = ShoppingListViewController.swift; sourceTree = "<group>"; };
		EE897E5F231464AD0048C895 /* ShoppingListCell.swift */ = {isa = PBXFileReference; lastKnownFileType = sourcecode.swift; path = ShoppingListCell.swift; sourceTree = "<group>"; };
		EEB39261230DB50300ABE09C /* CreateUserViewController.swift */ = {isa = PBXFileReference; lastKnownFileType = sourcecode.swift; path = CreateUserViewController.swift; sourceTree = "<group>"; };
		EEBC842D230D42A0007977E5 /* WGdotorg.app */ = {isa = PBXFileReference; explicitFileType = wrapper.application; includeInIndex = 0; path = WGdotorg.app; sourceTree = BUILT_PRODUCTS_DIR; };
		EEBC8430230D42A1007977E5 /* AppDelegate.swift */ = {isa = PBXFileReference; lastKnownFileType = sourcecode.swift; path = AppDelegate.swift; sourceTree = "<group>"; };
		EEBC8432230D42A1007977E5 /* FirstViewController.swift */ = {isa = PBXFileReference; lastKnownFileType = sourcecode.swift; path = FirstViewController.swift; sourceTree = "<group>"; };
		EEBC8437230D42A1007977E5 /* Base */ = {isa = PBXFileReference; lastKnownFileType = file.storyboard; name = Base; path = Base.lproj/Main.storyboard; sourceTree = "<group>"; };
		EEBC8439230D42A2007977E5 /* Assets.xcassets */ = {isa = PBXFileReference; lastKnownFileType = folder.assetcatalog; path = Assets.xcassets; sourceTree = "<group>"; };
		EEBC843C230D42A2007977E5 /* Base */ = {isa = PBXFileReference; lastKnownFileType = file.storyboard; name = Base; path = Base.lproj/LaunchScreen.storyboard; sourceTree = "<group>"; };
		EEBC843E230D42A2007977E5 /* Info.plist */ = {isa = PBXFileReference; lastKnownFileType = text.plist.xml; path = Info.plist; sourceTree = "<group>"; };
		EEBC8443230D42A2007977E5 /* WGdotorgTests.xctest */ = {isa = PBXFileReference; explicitFileType = wrapper.cfbundle; includeInIndex = 0; path = WGdotorgTests.xctest; sourceTree = BUILT_PRODUCTS_DIR; };
		EEBC8447230D42A2007977E5 /* WGdotorgTests.swift */ = {isa = PBXFileReference; lastKnownFileType = sourcecode.swift; path = WGdotorgTests.swift; sourceTree = "<group>"; };
		EEBC8449230D42A2007977E5 /* Info.plist */ = {isa = PBXFileReference; lastKnownFileType = text.plist.xml; path = Info.plist; sourceTree = "<group>"; };
		EEBC844E230D42A2007977E5 /* WGdotorgUITests.xctest */ = {isa = PBXFileReference; explicitFileType = wrapper.cfbundle; includeInIndex = 0; path = WGdotorgUITests.xctest; sourceTree = BUILT_PRODUCTS_DIR; };
		EEBC8452230D42A2007977E5 /* WGdotorgUITests.swift */ = {isa = PBXFileReference; lastKnownFileType = sourcecode.swift; path = WGdotorgUITests.swift; sourceTree = "<group>"; };
		EEBC8454230D42A2007977E5 /* Info.plist */ = {isa = PBXFileReference; lastKnownFileType = text.plist.xml; path = Info.plist; sourceTree = "<group>"; };
		EEBC8460230D43B0007977E5 /* GoogleService-Info.plist */ = {isa = PBXFileReference; fileEncoding = 4; lastKnownFileType = text.plist.xml; path = "GoogleService-Info.plist"; sourceTree = "<group>"; };
		EEC00C1D230D46AF00807674 /* LoginViewController.swift */ = {isa = PBXFileReference; lastKnownFileType = sourcecode.swift; path = LoginViewController.swift; sourceTree = "<group>"; };
/* End PBXFileReference section */

/* Begin PBXFrameworksBuildPhase section */
		EEBC842A230D42A0007977E5 /* Frameworks */ = {
			isa = PBXFrameworksBuildPhase;
			buildActionMask = 2147483647;
			files = (
				FED7DAD3921E350DE93009DF /* Pods_WGdotorg.framework in Frameworks */,
			);
			runOnlyForDeploymentPostprocessing = 0;
		};
		EEBC8440230D42A2007977E5 /* Frameworks */ = {
			isa = PBXFrameworksBuildPhase;
			buildActionMask = 2147483647;
			files = (
				F2EB4BCAD9E1A3DFD87CA87D /* Pods_WGdotorgTests.framework in Frameworks */,
			);
			runOnlyForDeploymentPostprocessing = 0;
		};
		EEBC844B230D42A2007977E5 /* Frameworks */ = {
			isa = PBXFrameworksBuildPhase;
			buildActionMask = 2147483647;
			files = (
				52D972224D250502180F80AA /* Pods_WGdotorgUITests.framework in Frameworks */,
			);
			runOnlyForDeploymentPostprocessing = 0;
		};
/* End PBXFrameworksBuildPhase section */

/* Begin PBXGroup section */
		0BA97440836759171AA879F1 /* Pods */ = {
			isa = PBXGroup;
			children = (
				4143D553C11FE33C6238F25E /* Pods-WGdotorg.debug.xcconfig */,
				E40FE249C82C66A2EB013AD9 /* Pods-WGdotorg.release.xcconfig */,
				69B8C9DBFAC93F1A81426858 /* Pods-WGdotorgTests.debug.xcconfig */,
				0E9E44A6D85B9E0A8D282217 /* Pods-WGdotorgTests.release.xcconfig */,
				2DFF0EC51242409E3C589B77 /* Pods-WGdotorgUITests.debug.xcconfig */,
				644FE5CF76FE7DEE2B143802 /* Pods-WGdotorgUITests.release.xcconfig */,
			);
			path = Pods;
			sourceTree = "<group>";
		};
		857B7E896D4E8DB2B1D75373 /* Frameworks */ = {
			isa = PBXGroup;
			children = (
				E2954A8732C9432BD668C82D /* Pods_WGdotorg.framework */,
				3A29CB839C49F31B4E34020E /* Pods_WGdotorgTests.framework */,
				01913D9DA237C218A58852F7 /* Pods_WGdotorgUITests.framework */,
			);
			name = Frameworks;
			sourceTree = "<group>";
		};
		EE8432A82313462200147B6F /* Recovered References */ = {
			isa = PBXGroup;
			children = (
			);
			name = "Recovered References";
			sourceTree = "<group>";
		};
		EEBC8424230D42A0007977E5 = {
			isa = PBXGroup;
			children = (
				EEBC842F230D42A0007977E5 /* WGdotorg */,
				EEBC8446230D42A2007977E5 /* WGdotorgTests */,
				EEBC8451230D42A2007977E5 /* WGdotorgUITests */,
				EEBC842E230D42A0007977E5 /* Products */,
				0BA97440836759171AA879F1 /* Pods */,
				857B7E896D4E8DB2B1D75373 /* Frameworks */,
				EE8432A82313462200147B6F /* Recovered References */,
			);
			sourceTree = "<group>";
		};
		EEBC842E230D42A0007977E5 /* Products */ = {
			isa = PBXGroup;
			children = (
				EEBC842D230D42A0007977E5 /* WGdotorg.app */,
				EEBC8443230D42A2007977E5 /* WGdotorgTests.xctest */,
				EEBC844E230D42A2007977E5 /* WGdotorgUITests.xctest */,
			);
			name = Products;
			sourceTree = "<group>";
		};
		EEBC842F230D42A0007977E5 /* WGdotorg */ = {
			isa = PBXGroup;
			children = (
				EE897E5F231464AD0048C895 /* ShoppingListCell.swift */,
				EE897E5B231463BA0048C895 /* ShoppingListViewController.swift */,
				EE4EE35E23115D080075D5DE /* CreateJoinGroupViewController.swift */,
				EE4EE36223115F1B0075D5DE /* CreateGroupViewController.swift */,
				EEBC8460230D43B0007977E5 /* GoogleService-Info.plist */,
				EEBC8430230D42A1007977E5 /* AppDelegate.swift */,
				EEBC8432230D42A1007977E5 /* FirstViewController.swift */,
				EEC00C1D230D46AF00807674 /* LoginViewController.swift */,
				EEB39261230DB50300ABE09C /* CreateUserViewController.swift */,
				EEBC8436230D42A1007977E5 /* Main.storyboard */,
				EE60E6DB230F303400453572 /* WelcomeViewController.swift */,
				EE60E6DD230F546E00453572 /* LoginResult.swift */,
				EEBC8439230D42A2007977E5 /* Assets.xcassets */,
				EEBC843B230D42A2007977E5 /* LaunchScreen.storyboard */,
				EEBC843E230D42A2007977E5 /* Info.plist */,
			);
			path = WGdotorg;
			sourceTree = "<group>";
		};
		EEBC8446230D42A2007977E5 /* WGdotorgTests */ = {
			isa = PBXGroup;
			children = (
				EEBC8447230D42A2007977E5 /* WGdotorgTests.swift */,
				EEBC8449230D42A2007977E5 /* Info.plist */,
			);
			path = WGdotorgTests;
			sourceTree = "<group>";
		};
		EEBC8451230D42A2007977E5 /* WGdotorgUITests */ = {
			isa = PBXGroup;
			children = (
				EEBC8452230D42A2007977E5 /* WGdotorgUITests.swift */,
				EEBC8454230D42A2007977E5 /* Info.plist */,
			);
			path = WGdotorgUITests;
			sourceTree = "<group>";
		};
/* End PBXGroup section */

/* Begin PBXNativeTarget section */
		EEBC842C230D42A0007977E5 /* WGdotorg */ = {
			isa = PBXNativeTarget;
			buildConfigurationList = EEBC8457230D42A2007977E5 /* Build configuration list for PBXNativeTarget "WGdotorg" */;
			buildPhases = (
				8353CAF0EB210659B3CFF08A /* [CP] Check Pods Manifest.lock */,
				EEBC8429230D42A0007977E5 /* Sources */,
				EEBC842A230D42A0007977E5 /* Frameworks */,
				EEBC842B230D42A0007977E5 /* Resources */,
				95D3BC0838A2E524FB284C74 /* [CP] Embed Pods Frameworks */,
			);
			buildRules = (
			);
			dependencies = (
			);
			name = WGdotorg;
			productName = WGdotorg;
			productReference = EEBC842D230D42A0007977E5 /* WGdotorg.app */;
			productType = "com.apple.product-type.application";
		};
		EEBC8442230D42A2007977E5 /* WGdotorgTests */ = {
			isa = PBXNativeTarget;
			buildConfigurationList = EEBC845A230D42A2007977E5 /* Build configuration list for PBXNativeTarget "WGdotorgTests" */;
			buildPhases = (
				6534B82EB377090ED0546F16 /* [CP] Check Pods Manifest.lock */,
				EEBC843F230D42A2007977E5 /* Sources */,
				EEBC8440230D42A2007977E5 /* Frameworks */,
				EEBC8441230D42A2007977E5 /* Resources */,
			);
			buildRules = (
			);
			dependencies = (
				EEBC8445230D42A2007977E5 /* PBXTargetDependency */,
			);
			name = WGdotorgTests;
			productName = WGdotorgTests;
			productReference = EEBC8443230D42A2007977E5 /* WGdotorgTests.xctest */;
			productType = "com.apple.product-type.bundle.unit-test";
		};
		EEBC844D230D42A2007977E5 /* WGdotorgUITests */ = {
			isa = PBXNativeTarget;
			buildConfigurationList = EEBC845D230D42A2007977E5 /* Build configuration list for PBXNativeTarget "WGdotorgUITests" */;
			buildPhases = (
				0D42259E39B2979E37E363C6 /* [CP] Check Pods Manifest.lock */,
				EEBC844A230D42A2007977E5 /* Sources */,
				EEBC844B230D42A2007977E5 /* Frameworks */,
				EEBC844C230D42A2007977E5 /* Resources */,
			);
			buildRules = (
			);
			dependencies = (
				EEBC8450230D42A2007977E5 /* PBXTargetDependency */,
			);
			name = WGdotorgUITests;
			productName = WGdotorgUITests;
			productReference = EEBC844E230D42A2007977E5 /* WGdotorgUITests.xctest */;
			productType = "com.apple.product-type.bundle.ui-testing";
		};
/* End PBXNativeTarget section */

/* Begin PBXProject section */
		EEBC8425230D42A0007977E5 /* Project object */ = {
			isa = PBXProject;
			attributes = {
				LastSwiftUpdateCheck = 1020;
				LastUpgradeCheck = 1020;
				ORGANIZATIONNAME = "Marcel Braasch";
				TargetAttributes = {
					EEBC842C230D42A0007977E5 = {
						CreatedOnToolsVersion = 10.2.1;
					};
					EEBC8442230D42A2007977E5 = {
						CreatedOnToolsVersion = 10.2.1;
						TestTargetID = EEBC842C230D42A0007977E5;
					};
					EEBC844D230D42A2007977E5 = {
						CreatedOnToolsVersion = 10.2.1;
						TestTargetID = EEBC842C230D42A0007977E5;
					};
				};
			};
			buildConfigurationList = EEBC8428230D42A0007977E5 /* Build configuration list for PBXProject "WGdotorg" */;
			compatibilityVersion = "Xcode 9.3";
			developmentRegion = en;
			hasScannedForEncodings = 0;
			knownRegions = (
				en,
				Base,
			);
			mainGroup = EEBC8424230D42A0007977E5;
			productRefGroup = EEBC842E230D42A0007977E5 /* Products */;
			projectDirPath = "";
			projectRoot = "";
			targets = (
				EEBC842C230D42A0007977E5 /* WGdotorg */,
				EEBC8442230D42A2007977E5 /* WGdotorgTests */,
				EEBC844D230D42A2007977E5 /* WGdotorgUITests */,
			);
		};
/* End PBXProject section */

/* Begin PBXResourcesBuildPhase section */
		EEBC842B230D42A0007977E5 /* Resources */ = {
			isa = PBXResourcesBuildPhase;
			buildActionMask = 2147483647;
			files = (
				EEBC843D230D42A2007977E5 /* LaunchScreen.storyboard in Resources */,
				EEBC8461230D43B0007977E5 /* GoogleService-Info.plist in Resources */,
				EEBC843A230D42A2007977E5 /* Assets.xcassets in Resources */,
				EEBC8438230D42A1007977E5 /* Main.storyboard in Resources */,
			);
			runOnlyForDeploymentPostprocessing = 0;
		};
		EEBC8441230D42A2007977E5 /* Resources */ = {
			isa = PBXResourcesBuildPhase;
			buildActionMask = 2147483647;
			files = (
			);
			runOnlyForDeploymentPostprocessing = 0;
		};
		EEBC844C230D42A2007977E5 /* Resources */ = {
			isa = PBXResourcesBuildPhase;
			buildActionMask = 2147483647;
			files = (
			);
			runOnlyForDeploymentPostprocessing = 0;
		};
/* End PBXResourcesBuildPhase section */

/* Begin PBXShellScriptBuildPhase section */
		0D42259E39B2979E37E363C6 /* [CP] Check Pods Manifest.lock */ = {
			isa = PBXShellScriptBuildPhase;
			buildActionMask = 2147483647;
			files = (
			);
			inputFileListPaths = (
			);
			inputPaths = (
				"${PODS_PODFILE_DIR_PATH}/Podfile.lock",
				"${PODS_ROOT}/Manifest.lock",
			);
			name = "[CP] Check Pods Manifest.lock";
			outputFileListPaths = (
			);
			outputPaths = (
				"$(DERIVED_FILE_DIR)/Pods-WGdotorgUITests-checkManifestLockResult.txt",
			);
			runOnlyForDeploymentPostprocessing = 0;
			shellPath = /bin/sh;
			shellScript = "diff \"${PODS_PODFILE_DIR_PATH}/Podfile.lock\" \"${PODS_ROOT}/Manifest.lock\" > /dev/null\nif [ $? != 0 ] ; then\n    # print error to STDERR\n    echo \"error: The sandbox is not in sync with the Podfile.lock. Run 'pod install' or update your CocoaPods installation.\" >&2\n    exit 1\nfi\n# This output is used by Xcode 'outputs' to avoid re-running this script phase.\necho \"SUCCESS\" > \"${SCRIPT_OUTPUT_FILE_0}\"\n";
			showEnvVarsInLog = 0;
		};
		6534B82EB377090ED0546F16 /* [CP] Check Pods Manifest.lock */ = {
			isa = PBXShellScriptBuildPhase;
			buildActionMask = 2147483647;
			files = (
			);
			inputFileListPaths = (
			);
			inputPaths = (
				"${PODS_PODFILE_DIR_PATH}/Podfile.lock",
				"${PODS_ROOT}/Manifest.lock",
			);
			name = "[CP] Check Pods Manifest.lock";
			outputFileListPaths = (
			);
			outputPaths = (
				"$(DERIVED_FILE_DIR)/Pods-WGdotorgTests-checkManifestLockResult.txt",
			);
			runOnlyForDeploymentPostprocessing = 0;
			shellPath = /bin/sh;
			shellScript = "diff \"${PODS_PODFILE_DIR_PATH}/Podfile.lock\" \"${PODS_ROOT}/Manifest.lock\" > /dev/null\nif [ $? != 0 ] ; then\n    # print error to STDERR\n    echo \"error: The sandbox is not in sync with the Podfile.lock. Run 'pod install' or update your CocoaPods installation.\" >&2\n    exit 1\nfi\n# This output is used by Xcode 'outputs' to avoid re-running this script phase.\necho \"SUCCESS\" > \"${SCRIPT_OUTPUT_FILE_0}\"\n";
			showEnvVarsInLog = 0;
		};
		8353CAF0EB210659B3CFF08A /* [CP] Check Pods Manifest.lock */ = {
			isa = PBXShellScriptBuildPhase;
			buildActionMask = 2147483647;
			files = (
			);
			inputFileListPaths = (
			);
			inputPaths = (
				"${PODS_PODFILE_DIR_PATH}/Podfile.lock",
				"${PODS_ROOT}/Manifest.lock",
			);
			name = "[CP] Check Pods Manifest.lock";
			outputFileListPaths = (
			);
			outputPaths = (
				"$(DERIVED_FILE_DIR)/Pods-WGdotorg-checkManifestLockResult.txt",
			);
			runOnlyForDeploymentPostprocessing = 0;
			shellPath = /bin/sh;
			shellScript = "diff \"${PODS_PODFILE_DIR_PATH}/Podfile.lock\" \"${PODS_ROOT}/Manifest.lock\" > /dev/null\nif [ $? != 0 ] ; then\n    # print error to STDERR\n    echo \"error: The sandbox is not in sync with the Podfile.lock. Run 'pod install' or update your CocoaPods installation.\" >&2\n    exit 1\nfi\n# This output is used by Xcode 'outputs' to avoid re-running this script phase.\necho \"SUCCESS\" > \"${SCRIPT_OUTPUT_FILE_0}\"\n";
			showEnvVarsInLog = 0;
		};
		95D3BC0838A2E524FB284C74 /* [CP] Embed Pods Frameworks */ = {
			isa = PBXShellScriptBuildPhase;
			buildActionMask = 2147483647;
			files = (
			);
			inputFileListPaths = (
				"${PODS_ROOT}/Target Support Files/Pods-WGdotorg/Pods-WGdotorg-frameworks-${CONFIGURATION}-input-files.xcfilelist",
			);
			name = "[CP] Embed Pods Frameworks";
			outputFileListPaths = (
				"${PODS_ROOT}/Target Support Files/Pods-WGdotorg/Pods-WGdotorg-frameworks-${CONFIGURATION}-output-files.xcfilelist",
			);
			runOnlyForDeploymentPostprocessing = 0;
			shellPath = /bin/sh;
			shellScript = "\"${PODS_ROOT}/Target Support Files/Pods-WGdotorg/Pods-WGdotorg-frameworks.sh\"\n";
			showEnvVarsInLog = 0;
		};
/* End PBXShellScriptBuildPhase section */

/* Begin PBXSourcesBuildPhase section */
		EEBC8429230D42A0007977E5 /* Sources */ = {
			isa = PBXSourcesBuildPhase;
			buildActionMask = 2147483647;
			files = (
				EE897E5C231463BA0048C895 /* ShoppingListViewController.swift in Sources */,
				EE4EE36323115F1B0075D5DE /* CreateGroupViewController.swift in Sources */,
				EE4EE35F23115D080075D5DE /* CreateJoinGroupViewController.swift in Sources */,
				EEC00C1E230D46AF00807674 /* LoginViewController.swift in Sources */,
				EE60E6DE230F546E00453572 /* LoginResult.swift in Sources */,
				EEB39262230DB50300ABE09C /* CreateUserViewController.swift in Sources */,
				EE60E6DC230F303400453572 /* WelcomeViewController.swift in Sources */,
				EEBC8431230D42A1007977E5 /* AppDelegate.swift in Sources */,
				EE897E60231464AD0048C895 /* ShoppingListCell.swift in Sources */,
				EEBC8433230D42A1007977E5 /* FirstViewController.swift in Sources */,
			);
			runOnlyForDeploymentPostprocessing = 0;
		};
		EEBC843F230D42A2007977E5 /* Sources */ = {
			isa = PBXSourcesBuildPhase;
			buildActionMask = 2147483647;
			files = (
				EEBC8448230D42A2007977E5 /* WGdotorgTests.swift in Sources */,
			);
			runOnlyForDeploymentPostprocessing = 0;
		};
		EEBC844A230D42A2007977E5 /* Sources */ = {
			isa = PBXSourcesBuildPhase;
			buildActionMask = 2147483647;
			files = (
				EEBC8453230D42A2007977E5 /* WGdotorgUITests.swift in Sources */,
			);
			runOnlyForDeploymentPostprocessing = 0;
		};
/* End PBXSourcesBuildPhase section */

/* Begin PBXTargetDependency section */
		EEBC8445230D42A2007977E5 /* PBXTargetDependency */ = {
			isa = PBXTargetDependency;
			target = EEBC842C230D42A0007977E5 /* WGdotorg */;
			targetProxy = EEBC8444230D42A2007977E5 /* PBXContainerItemProxy */;
		};
		EEBC8450230D42A2007977E5 /* PBXTargetDependency */ = {
			isa = PBXTargetDependency;
			target = EEBC842C230D42A0007977E5 /* WGdotorg */;
			targetProxy = EEBC844F230D42A2007977E5 /* PBXContainerItemProxy */;
		};
/* End PBXTargetDependency section */

/* Begin PBXVariantGroup section */
		EEBC8436230D42A1007977E5 /* Main.storyboard */ = {
			isa = PBXVariantGroup;
			children = (
				EEBC8437230D42A1007977E5 /* Base */,
			);
			name = Main.storyboard;
			sourceTree = "<group>";
		};
		EEBC843B230D42A2007977E5 /* LaunchScreen.storyboard */ = {
			isa = PBXVariantGroup;
			children = (
				EEBC843C230D42A2007977E5 /* Base */,
			);
			name = LaunchScreen.storyboard;
			sourceTree = "<group>";
		};
/* End PBXVariantGroup section */

/* Begin XCBuildConfiguration section */
		EEBC8455230D42A2007977E5 /* Debug */ = {
			isa = XCBuildConfiguration;
			buildSettings = {
				ALWAYS_SEARCH_USER_PATHS = NO;
				CLANG_ANALYZER_NONNULL = YES;
				CLANG_ANALYZER_NUMBER_OBJECT_CONVERSION = YES_AGGRESSIVE;
				CLANG_CXX_LANGUAGE_STANDARD = "gnu++14";
				CLANG_CXX_LIBRARY = "libc++";
				CLANG_ENABLE_MODULES = YES;
				CLANG_ENABLE_OBJC_ARC = YES;
				CLANG_ENABLE_OBJC_WEAK = YES;
				CLANG_WARN_BLOCK_CAPTURE_AUTORELEASING = YES;
				CLANG_WARN_BOOL_CONVERSION = YES;
				CLANG_WARN_COMMA = YES;
				CLANG_WARN_CONSTANT_CONVERSION = YES;
				CLANG_WARN_DEPRECATED_OBJC_IMPLEMENTATIONS = YES;
				CLANG_WARN_DIRECT_OBJC_ISA_USAGE = YES_ERROR;
				CLANG_WARN_DOCUMENTATION_COMMENTS = YES;
				CLANG_WARN_EMPTY_BODY = YES;
				CLANG_WARN_ENUM_CONVERSION = YES;
				CLANG_WARN_INFINITE_RECURSION = YES;
				CLANG_WARN_INT_CONVERSION = YES;
				CLANG_WARN_NON_LITERAL_NULL_CONVERSION = YES;
				CLANG_WARN_OBJC_IMPLICIT_RETAIN_SELF = YES;
				CLANG_WARN_OBJC_LITERAL_CONVERSION = YES;
				CLANG_WARN_OBJC_ROOT_CLASS = YES_ERROR;
				CLANG_WARN_RANGE_LOOP_ANALYSIS = YES;
				CLANG_WARN_STRICT_PROTOTYPES = YES;
				CLANG_WARN_SUSPICIOUS_MOVE = YES;
				CLANG_WARN_UNGUARDED_AVAILABILITY = YES_AGGRESSIVE;
				CLANG_WARN_UNREACHABLE_CODE = YES;
				CLANG_WARN__DUPLICATE_METHOD_MATCH = YES;
				CODE_SIGN_IDENTITY = "iPhone Developer";
				COPY_PHASE_STRIP = NO;
				DEBUG_INFORMATION_FORMAT = dwarf;
				ENABLE_STRICT_OBJC_MSGSEND = YES;
				ENABLE_TESTABILITY = YES;
				GCC_C_LANGUAGE_STANDARD = gnu11;
				GCC_DYNAMIC_NO_PIC = NO;
				GCC_NO_COMMON_BLOCKS = YES;
				GCC_OPTIMIZATION_LEVEL = 0;
				GCC_PREPROCESSOR_DEFINITIONS = (
					"DEBUG=1",
					"$(inherited)",
				);
				GCC_WARN_64_TO_32_BIT_CONVERSION = YES;
				GCC_WARN_ABOUT_RETURN_TYPE = YES_ERROR;
				GCC_WARN_UNDECLARED_SELECTOR = YES;
				GCC_WARN_UNINITIALIZED_AUTOS = YES_AGGRESSIVE;
				GCC_WARN_UNUSED_FUNCTION = YES;
				GCC_WARN_UNUSED_VARIABLE = YES;
				IPHONEOS_DEPLOYMENT_TARGET = 12.2;
				MTL_ENABLE_DEBUG_INFO = INCLUDE_SOURCE;
				MTL_FAST_MATH = YES;
				ONLY_ACTIVE_ARCH = YES;
				SDKROOT = iphoneos;
				SWIFT_ACTIVE_COMPILATION_CONDITIONS = DEBUG;
				SWIFT_OPTIMIZATION_LEVEL = "-Onone";
			};
			name = Debug;
		};
		EEBC8456230D42A2007977E5 /* Release */ = {
			isa = XCBuildConfiguration;
			buildSettings = {
				ALWAYS_SEARCH_USER_PATHS = NO;
				CLANG_ANALYZER_NONNULL = YES;
				CLANG_ANALYZER_NUMBER_OBJECT_CONVERSION = YES_AGGRESSIVE;
				CLANG_CXX_LANGUAGE_STANDARD = "gnu++14";
				CLANG_CXX_LIBRARY = "libc++";
				CLANG_ENABLE_MODULES = YES;
				CLANG_ENABLE_OBJC_ARC = YES;
				CLANG_ENABLE_OBJC_WEAK = YES;
				CLANG_WARN_BLOCK_CAPTURE_AUTORELEASING = YES;
				CLANG_WARN_BOOL_CONVERSION = YES;
				CLANG_WARN_COMMA = YES;
				CLANG_WARN_CONSTANT_CONVERSION = YES;
				CLANG_WARN_DEPRECATED_OBJC_IMPLEMENTATIONS = YES;
				CLANG_WARN_DIRECT_OBJC_ISA_USAGE = YES_ERROR;
				CLANG_WARN_DOCUMENTATION_COMMENTS = YES;
				CLANG_WARN_EMPTY_BODY = YES;
				CLANG_WARN_ENUM_CONVERSION = YES;
				CLANG_WARN_INFINITE_RECURSION = YES;
				CLANG_WARN_INT_CONVERSION = YES;
				CLANG_WARN_NON_LITERAL_NULL_CONVERSION = YES;
				CLANG_WARN_OBJC_IMPLICIT_RETAIN_SELF = YES;
				CLANG_WARN_OBJC_LITERAL_CONVERSION = YES;
				CLANG_WARN_OBJC_ROOT_CLASS = YES_ERROR;
				CLANG_WARN_RANGE_LOOP_ANALYSIS = YES;
				CLANG_WARN_STRICT_PROTOTYPES = YES;
				CLANG_WARN_SUSPICIOUS_MOVE = YES;
				CLANG_WARN_UNGUARDED_AVAILABILITY = YES_AGGRESSIVE;
				CLANG_WARN_UNREACHABLE_CODE = YES;
				CLANG_WARN__DUPLICATE_METHOD_MATCH = YES;
				CODE_SIGN_IDENTITY = "iPhone Developer";
				COPY_PHASE_STRIP = NO;
				DEBUG_INFORMATION_FORMAT = "dwarf-with-dsym";
				ENABLE_NS_ASSERTIONS = NO;
				ENABLE_STRICT_OBJC_MSGSEND = YES;
				GCC_C_LANGUAGE_STANDARD = gnu11;
				GCC_NO_COMMON_BLOCKS = YES;
				GCC_WARN_64_TO_32_BIT_CONVERSION = YES;
				GCC_WARN_ABOUT_RETURN_TYPE = YES_ERROR;
				GCC_WARN_UNDECLARED_SELECTOR = YES;
				GCC_WARN_UNINITIALIZED_AUTOS = YES_AGGRESSIVE;
				GCC_WARN_UNUSED_FUNCTION = YES;
				GCC_WARN_UNUSED_VARIABLE = YES;
				IPHONEOS_DEPLOYMENT_TARGET = 12.2;
				MTL_ENABLE_DEBUG_INFO = NO;
				MTL_FAST_MATH = YES;
				SDKROOT = iphoneos;
				SWIFT_COMPILATION_MODE = wholemodule;
				SWIFT_OPTIMIZATION_LEVEL = "-O";
				VALIDATE_PRODUCT = YES;
			};
			name = Release;
		};
		EEBC8458230D42A2007977E5 /* Debug */ = {
			isa = XCBuildConfiguration;
			baseConfigurationReference = 4143D553C11FE33C6238F25E /* Pods-WGdotorg.debug.xcconfig */;
			buildSettings = {
				ASSETCATALOG_COMPILER_APPICON_NAME = AppIcon;
				CODE_SIGN_STYLE = Automatic;
				DEVELOPMENT_TEAM = W23LUB867W;
				INFOPLIST_FILE = WGdotorg/Info.plist;
				LD_RUNPATH_SEARCH_PATHS = (
					"$(inherited)",
					"@executable_path/Frameworks",
				);
				PRODUCT_BUNDLE_IDENTIFIER = braasch.WGdotorg;
				PRODUCT_NAME = "$(TARGET_NAME)";
				SWIFT_VERSION = 5.0;
				TARGETED_DEVICE_FAMILY = "1,2";
			};
			name = Debug;
		};
		EEBC8459230D42A2007977E5 /* Release */ = {
			isa = XCBuildConfiguration;
			baseConfigurationReference = E40FE249C82C66A2EB013AD9 /* Pods-WGdotorg.release.xcconfig */;
			buildSettings = {
				ASSETCATALOG_COMPILER_APPICON_NAME = AppIcon;
				CODE_SIGN_STYLE = Automatic;
				DEVELOPMENT_TEAM = W23LUB867W;
				INFOPLIST_FILE = WGdotorg/Info.plist;
				LD_RUNPATH_SEARCH_PATHS = (
					"$(inherited)",
					"@executable_path/Frameworks",
				);
				PRODUCT_BUNDLE_IDENTIFIER = braasch.WGdotorg;
				PRODUCT_NAME = "$(TARGET_NAME)";
				SWIFT_VERSION = 5.0;
				TARGETED_DEVICE_FAMILY = "1,2";
			};
			name = Release;
		};
		EEBC845B230D42A2007977E5 /* Debug */ = {
			isa = XCBuildConfiguration;
			baseConfigurationReference = 69B8C9DBFAC93F1A81426858 /* Pods-WGdotorgTests.debug.xcconfig */;
			buildSettings = {
				ALWAYS_EMBED_SWIFT_STANDARD_LIBRARIES = YES;
				BUNDLE_LOADER = "$(TEST_HOST)";
				CODE_SIGN_STYLE = Automatic;
				DEVELOPMENT_TEAM = W23LUB867W;
				INFOPLIST_FILE = WGdotorgTests/Info.plist;
				LD_RUNPATH_SEARCH_PATHS = (
					"$(inherited)",
					"@executable_path/Frameworks",
					"@loader_path/Frameworks",
				);
				PRODUCT_BUNDLE_IDENTIFIER = braasch.WGdotorgTests;
				PRODUCT_NAME = "$(TARGET_NAME)";
				SWIFT_VERSION = 5.0;
				TARGETED_DEVICE_FAMILY = "1,2";
				TEST_HOST = "$(BUILT_PRODUCTS_DIR)/WGdotorg.app/WGdotorg";
			};
			name = Debug;
		};
		EEBC845C230D42A2007977E5 /* Release */ = {
			isa = XCBuildConfiguration;
			baseConfigurationReference = 0E9E44A6D85B9E0A8D282217 /* Pods-WGdotorgTests.release.xcconfig */;
			buildSettings = {
				ALWAYS_EMBED_SWIFT_STANDARD_LIBRARIES = YES;
				BUNDLE_LOADER = "$(TEST_HOST)";
				CODE_SIGN_STYLE = Automatic;
				DEVELOPMENT_TEAM = W23LUB867W;
				INFOPLIST_FILE = WGdotorgTests/Info.plist;
				LD_RUNPATH_SEARCH_PATHS = (
					"$(inherited)",
					"@executable_path/Frameworks",
					"@loader_path/Frameworks",
				);
				PRODUCT_BUNDLE_IDENTIFIER = braasch.WGdotorgTests;
				PRODUCT_NAME = "$(TARGET_NAME)";
				SWIFT_VERSION = 5.0;
				TARGETED_DEVICE_FAMILY = "1,2";
				TEST_HOST = "$(BUILT_PRODUCTS_DIR)/WGdotorg.app/WGdotorg";
			};
			name = Release;
		};
		EEBC845E230D42A2007977E5 /* Debug */ = {
			isa = XCBuildConfiguration;
			baseConfigurationReference = 2DFF0EC51242409E3C589B77 /* Pods-WGdotorgUITests.debug.xcconfig */;
			buildSettings = {
				ALWAYS_EMBED_SWIFT_STANDARD_LIBRARIES = YES;
				CODE_SIGN_STYLE = Automatic;
				DEVELOPMENT_TEAM = W23LUB867W;
				INFOPLIST_FILE = WGdotorgUITests/Info.plist;
				LD_RUNPATH_SEARCH_PATHS = (
					"$(inherited)",
					"@executable_path/Frameworks",
					"@loader_path/Frameworks",
				);
				PRODUCT_BUNDLE_IDENTIFIER = braasch.WGdotorgUITests;
				PRODUCT_NAME = "$(TARGET_NAME)";
				SWIFT_VERSION = 5.0;
				TARGETED_DEVICE_FAMILY = "1,2";
				TEST_TARGET_NAME = WGdotorg;
			};
			name = Debug;
		};
		EEBC845F230D42A2007977E5 /* Release */ = {
			isa = XCBuildConfiguration;
			baseConfigurationReference = 644FE5CF76FE7DEE2B143802 /* Pods-WGdotorgUITests.release.xcconfig */;
			buildSettings = {
				ALWAYS_EMBED_SWIFT_STANDARD_LIBRARIES = YES;
				CODE_SIGN_STYLE = Automatic;
				DEVELOPMENT_TEAM = W23LUB867W;
				INFOPLIST_FILE = WGdotorgUITests/Info.plist;
				LD_RUNPATH_SEARCH_PATHS = (
					"$(inherited)",
					"@executable_path/Frameworks",
					"@loader_path/Frameworks",
				);
				PRODUCT_BUNDLE_IDENTIFIER = braasch.WGdotorgUITests;
				PRODUCT_NAME = "$(TARGET_NAME)";
				SWIFT_VERSION = 5.0;
				TARGETED_DEVICE_FAMILY = "1,2";
				TEST_TARGET_NAME = WGdotorg;
			};
			name = Release;
		};
/* End XCBuildConfiguration section */

/* Begin XCConfigurationList section */
		EEBC8428230D42A0007977E5 /* Build configuration list for PBXProject "WGdotorg" */ = {
			isa = XCConfigurationList;
			buildConfigurations = (
				EEBC8455230D42A2007977E5 /* Debug */,
				EEBC8456230D42A2007977E5 /* Release */,
			);
			defaultConfigurationIsVisible = 0;
			defaultConfigurationName = Release;
		};
		EEBC8457230D42A2007977E5 /* Build configuration list for PBXNativeTarget "WGdotorg" */ = {
			isa = XCConfigurationList;
			buildConfigurations = (
				EEBC8458230D42A2007977E5 /* Debug */,
				EEBC8459230D42A2007977E5 /* Release */,
			);
			defaultConfigurationIsVisible = 0;
			defaultConfigurationName = Release;
		};
		EEBC845A230D42A2007977E5 /* Build configuration list for PBXNativeTarget "WGdotorgTests" */ = {
			isa = XCConfigurationList;
			buildConfigurations = (
				EEBC845B230D42A2007977E5 /* Debug */,
				EEBC845C230D42A2007977E5 /* Release */,
			);
			defaultConfigurationIsVisible = 0;
			defaultConfigurationName = Release;
		};
		EEBC845D230D42A2007977E5 /* Build configuration list for PBXNativeTarget "WGdotorgUITests" */ = {
			isa = XCConfigurationList;
			buildConfigurations = (
				EEBC845E230D42A2007977E5 /* Debug */,
				EEBC845F230D42A2007977E5 /* Release */,
			);
			defaultConfigurationIsVisible = 0;
			defaultConfigurationName = Release;
		};
/* End XCConfigurationList section */
	};
	rootObject = EEBC8425230D42A0007977E5 /* Project object */;
}
